# THIS IS AN AUTOGENERATED FILE. DO NOT EDIT THIS FILE DIRECTLY.
# yarn lockfile v1
#
# Stub lockfile: present only so `init-harness`'s package-manager detection
# (lockfile in repo root, see skills/init-harness/references/stack-detection.md)
# finds `yarn.lock` and picks `yarn`. Not a real resolved lockfile — run
# `yarn install` after copying this fixture out of the plugin repo to
# generate a real one.
